
Microsoft Visual Studio Solution File, Format Version 12.00
# Visual Studio Version 16
VisualStudioVersion = 16.0.31005.135
MinimumVisualStudioVersion = 10.0.40219.1
Project("{FAE04EC0-301F-11D3-BF4B-00C04F79EFBC}") = "addressbook-web-tests", "addressbook-web-tests\addressbook-web-tests.csproj", "{72C7D924-91E7-424F-BDA1-2EEB1F828C58}"
EndProject
Project("{FAE04EC0-301F-11D3-BF4B-00C04F79EFBC}") = "addressbook-test-data-generators", "addressbook-test-data-generators\addressbook-test-data-generators.csproj", "{720D0E7F-1624-4FCD-A866-92BB8CA54C6B}"
	ProjectSection(ProjectDependencies) = postProject
		{72C7D924-91E7-424F-BDA1-2EEB1F828C58} = {72C7D924-91E7-424F-BDA1-2EEB1F828C58}
	EndProjectSection
EndProject
Global
	GlobalSection(SolutionConfigurationPlatforms) = preSolution
		Debug|Any CPU = Debug|Any CPU
		Release|Any CPU = Release|Any CPU
	EndGlobalSection
	GlobalSection(ProjectConfigurationPlatforms) = postSolution
		{72C7D924-91E7-424F-BDA1-2EEB1F828C58}.Debug|Any CPU.ActiveCfg = Debug|Any CPU
		{72C7D924-91E7-424F-BDA1-2EEB1F828C58}.Debug|Any CPU.Build.0 = Debug|Any CPU
		{72C7D924-91E7-424F-BDA1-2EEB1F828C58}.Release|Any CPU.ActiveCfg = Release|Any CPU
		{72C7D924-91E7-424F-BDA1-2EEB1F828C58}.Release|Any CPU.Build.0 = Release|Any CPU
		{720D0E7F-1624-4FCD-A866-92BB8CA54C6B}.Debug|Any CPU.ActiveCfg = Debug|Any CPU
		{720D0E7F-1624-4FCD-A866-92BB8CA54C6B}.Debug|Any CPU.Build.0 = Debug|Any CPU
		{720D0E7F-1624-4FCD-A866-92BB8CA54C6B}.Release|Any CPU.ActiveCfg = Release|Any CPU
		{720D0E7F-1624-4FCD-A866-92BB8CA54C6B}.Release|Any CPU.Build.0 = Release|Any CPU
	EndGlobalSection
	GlobalSection(SolutionProperties) = preSolution
		HideSolutionNode = FALSE
	EndGlobalSection
	GlobalSection(ExtensibilityGlobals) = postSolution
		SolutionGuid = {88041ADF-EBBF-41E5-9AC6-7A3483C0DA0F}
	EndGlobalSection
EndGlobal
